github.com/cauteum/cauteum-core v0.1.0-alpha.2 h1:lXBg9l/pYVznWEyU6t/LJ4/Glf1e5hKUsxBGGJhFK6w=
github.com/cauteum/cauteum-core v0.1.0-alpha.2/go.mod h1:MQx5n7RmvA+sGkwJ2HaPrEdYOmVNDGimx1EpO/tqBww=
github.com/cauteum/cauteum-core v0.1.0-beta.1.0.20261008213715-9b32ff965bef h1:AZMkFLGHQKRVzVDNqkeKClP87du39xuQML2gyrt9Zh0=
github.com/cauteum/cauteum-core v0.1.0-beta.1.0.20261008213715-9b32ff965bef/go.mod h1:r3Cz9AedbxCZREqVYIrvH82TrwoF/Uw3aZqYj7QSFGM=
